// !$*UTF8*$!
{
	archiveVersion = 1;
	classes = {
	};
	objectVersion = 55;
	objects = {

/* Begin PBXBuildFile section */
		AE3E1E2D28AF728C00E9530A /* AppDelegate.swift in Sources */ = {isa = PBXBuildFile; fileRef = AE3E1E2C28AF728C00E9530A /* AppDelegate.swift */; };
		AE3E1E2F28AF728C00E9530A /* SceneDelegate.swift in Sources */ = {isa = PBXBuildFile; fileRef = AE3E1E2E28AF728C00E9530A /* SceneDelegate.swift */; };
		AE3E1E3128AF728C00E9530A /* ViewController.swift in Sources */ = {isa = PBXBuildFile; fileRef = AE3E1E3028AF728C00E9530A /* ViewController.swift */; };
		AE3E1E3428AF728C00E9530A /* Main.storyboard in Resources */ = {isa = PBXBuildFile; fileRef = AE3E1E3228AF728C00E9530A /* Main.storyboard */; };
		AE3E1E3628AF728D00E9530A /* Assets.xcassets in Resources */ = {isa = PBXBuildFile; fileRef = AE3E1E3528AF728D00E9530A /* Assets.xcassets */; };
		AE3E1E3928AF728D00E9530A /* LaunchScreen.storyboard in Resources */ = {isa = PBXBuildFile; fileRef = AE3E1E3728AF728D00E9530A /* LaunchScreen.storyboard */; };
		AE3E1E4328AF732500E9530A /* Login_TextField.swift in Sources */ = {isa = PBXBuildFile; fileRef = AE3E1E4228AF732500E9530A /* Login_TextField.swift */; };
		AE3E1E4528AF77F600E9530A /* BaseView.swift in Sources */ = {isa = PBXBuildFile; fileRef = AE3E1E4428AF77F600E9530A /* BaseView.swift */; };
		AE3E1E4728AF789100E9530A /* BaseViewController.swift in Sources */ = {isa = PBXBuildFile; fileRef = AE3E1E4628AF789100E9530A /* BaseViewController.swift */; };
		AE3E1E4A28AF79F600E9530A /* MainViewController.swift in Sources */ = {isa = PBXBuildFile; fileRef = AE3E1E4928AF79F600E9530A /* MainViewController.swift */; };
		AE3E1E4C28AF79FC00E9530A /* MainView.swift in Sources */ = {isa = PBXBuildFile; fileRef = AE3E1E4B28AF79FC00E9530A /* MainView.swift */; };
		AE3E1E4F28AF7A3700E9530A /* LoginViewController.swift in Sources */ = {isa = PBXBuildFile; fileRef = AE3E1E4E28AF7A3700E9530A /* LoginViewController.swift */; };
		AE3E1E5128AF7A3F00E9530A /* LoginView.swift in Sources */ = {isa = PBXBuildFile; fileRef = AE3E1E5028AF7A3F00E9530A /* LoginView.swift */; };
		AE3E1E5428AF7CD200E9530A /* SnapKit in Frameworks */ = {isa = PBXBuildFile; productRef = AE3E1E5328AF7CD200E9530A /* SnapKit */; };
		AE3E1E5628AF813000E9530A /* Login_UIButton.swift in Sources */ = {isa = PBXBuildFile; fileRef = AE3E1E5528AF813000E9530A /* Login_UIButton.swift */; };
		AE3E1E5928AF9A8600E9530A /* Then in Frameworks */ = {isa = PBXBuildFile; productRef = AE3E1E5828AF9A8600E9530A /* Then */; };
		AE3E1E5D28B1218F00E9530A /* Main_UILabel.swift in Sources */ = {isa = PBXBuildFile; fileRef = AE3E1E5C28B1218F00E9530A /* Main_UILabel.swift */; };
		AE3E1E6128B125DD00E9530A /* Main_UIButton.swift in Sources */ = {isa = PBXBuildFile; fileRef = AE3E1E6028B125DD00E9530A /* Main_UIButton.swift */; };
		AE3E1E6328B12B5000E9530A /* Main_UIImageView.swift in Sources */ = {isa = PBXBuildFile; fileRef = AE3E1E6228B12B5000E9530A /* Main_UIImageView.swift */; };
/* End PBXBuildFile section */

/* Begin PBXFileReference section */
		AE3E1E2928AF728B00E9530A /* NetFlix_CodeBase.app */ = {isa = PBXFileReference; explicitFileType = wrapper.application; includeInIndex = 0; path = NetFlix_CodeBase.app; sourceTree = BUILT_PRODUCTS_DIR; };
		AE3E1E2C28AF728C00E9530A /* AppDelegate.swift */ = {isa = PBXFileReference; lastKnownFileType = sourcecode.swift; path = AppDelegate.swift; sourceTree = "<group>"; };
		AE3E1E2E28AF728C00E9530A /* SceneDelegate.swift */ = {isa = PBXFileReference; lastKnownFileType = sourcecode.swift; path = SceneDelegate.swift; sourceTree = "<group>"; };
		AE3E1E3028AF728C00E9530A /* ViewController.swift */ = {isa = PBXFileReference; lastKnownFileType = sourcecode.swift; path = ViewController.swift; sourceTree = "<group>"; };
		AE3E1E3328AF728C00E9530A /* Base */ = {isa = PBXFileReference; lastKnownFileType = file.storyboard; name = Base; path = Base.lproj/Main.storyboard; sourceTree = "<group>"; };
		AE3E1E3528AF728D00E9530A /* Assets.xcassets */ = {isa = PBXFileReference; lastKnownFileType = folder.assetcatalog; path = Assets.xcassets; sourceTree = "<group>"; };
		AE3E1E3828AF728D00E9530A /* Base */ = {isa = PBXFileReference; lastKnownFileType = file.storyboard; name = Base; path = Base.lproj/LaunchScreen.storyboard; sourceTree = "<group>"; };
		AE3E1E3A28AF728D00E9530A /* Info.plist */ = {isa = PBXFileReference; lastKnownFileType = text.plist.xml; path = Info.plist; sourceTree = "<group>"; };
		AE3E1E4228AF732500E9530A /* Login_TextField.swift */ = {isa = PBXFileReference; lastKnownFileType = sourcecode.swift; path = Login_TextField.swift; sourceTree = "<group>"; };
		AE3E1E4428AF77F600E9530A /* BaseView.swift */ = {isa = PBXFileReference; lastKnownFileType = sourcecode.swift; path = BaseView.swift; sourceTree = "<group>"; };
		AE3E1E4628AF789100E9530A /* BaseViewController.swift */ = {isa = PBXFileReference; lastKnownFileType = sourcecode.swift; path = BaseViewController.swift; sourceTree = "<group>"; };
		AE3E1E4928AF79F600E9530A /* MainViewController.swift */ = {isa = PBXFileReference; lastKnownFileType = sourcecode.swift; path = MainViewController.swift; sourceTree = "<group>"; };
		AE3E1E4B28AF79FC00E9530A /* MainView.swift */ = {isa = PBXFileReference; lastKnownFileType = sourcecode.swift; path = MainView.swift; sourceTree = "<group>"; };
		AE3E1E4E28AF7A3700E9530A /* LoginViewController.swift */ = {isa = PBXFileReference; lastKnownFileType = sourcecode.swift; path = LoginViewController.swift; sourceTree = "<group>"; };
		AE3E1E5028AF7A3F00E9530A /* LoginView.swift */ = {isa = PBXFileReference; lastKnownFileType = sourcecode.swift; path = LoginView.swift; sourceTree = "<group>"; };
		AE3E1E5528AF813000E9530A /* Login_UIButton.swift */ = {isa = PBXFileReference; lastKnownFileType = sourcecode.swift; path = Login_UIButton.swift; sourceTree = "<group>"; };
		AE3E1E5C28B1218F00E9530A /* Main_UILabel.swift */ = {isa = PBXFileReference; lastKnownFileType = sourcecode.swift; path = Main_UILabel.swift; sourceTree = "<group>"; };
		AE3E1E6028B125DD00E9530A /* Main_UIButton.swift */ = {isa = PBXFileReference; lastKnownFileType = sourcecode.swift; path = Main_UIButton.swift; sourceTree = "<group>"; };
		AE3E1E6228B12B5000E9530A /* Main_UIImageView.swift */ = {isa = PBXFileReference; lastKnownFileType = sourcecode.swift; path = Main_UIImageView.swift; sourceTree = "<group>"; };
/* End PBXFileReference section */

/* Begin PBXFrameworksBuildPhase section */
		AE3E1E2628AF728B00E9530A /* Frameworks */ = {
			isa = PBXFrameworksBuildPhase;
			buildActionMask = 2147483647;
			files = (
				AE3E1E5428AF7CD200E9530A /* SnapKit in Frameworks */,
				AE3E1E5928AF9A8600E9530A /* Then in Frameworks */,
			);
			runOnlyForDeploymentPostprocessing = 0;
		};
/* End PBXFrameworksBuildPhase section */

/* Begin PBXGroup section */
		AE3E1E2028AF728B00E9530A = {
			isa = PBXGroup;
			children = (
				AE3E1E2B28AF728B00E9530A /* NetFlix_CodeBase */,
				AE3E1E2A28AF728B00E9530A /* Products */,
			);
			sourceTree = "<group>";
		};
		AE3E1E2A28AF728B00E9530A /* Products */ = {
			isa = PBXGroup;
			children = (
				AE3E1E2928AF728B00E9530A /* NetFlix_CodeBase.app */,
			);
			name = Products;
			sourceTree = "<group>";
		};
		AE3E1E2B28AF728B00E9530A /* NetFlix_CodeBase */ = {
			isa = PBXGroup;
			children = (
				AE3E1E4D28AF7A2400E9530A /* LoginViewController */,
				AE3E1E4828AF79E200E9530A /* MainViewController */,
				AE3E1E4028AF72F500E9530A /* Utility */,
				AE3E1E2C28AF728C00E9530A /* AppDelegate.swift */,
				AE3E1E2E28AF728C00E9530A /* SceneDelegate.swift */,
				AE3E1E3028AF728C00E9530A /* ViewController.swift */,
				AE3E1E3228AF728C00E9530A /* Main.storyboard */,
				AE3E1E3528AF728D00E9530A /* Assets.xcassets */,
				AE3E1E3728AF728D00E9530A /* LaunchScreen.storyboard */,
				AE3E1E3A28AF728D00E9530A /* Info.plist */,
			);
			path = NetFlix_CodeBase;
			sourceTree = "<group>";
		};
		AE3E1E4028AF72F500E9530A /* Utility */ = {
			isa = PBXGroup;
			children = (
				AE3E1E4428AF77F600E9530A /* BaseView.swift */,
				AE3E1E4628AF789100E9530A /* BaseViewController.swift */,
			);
			path = Utility;
			sourceTree = "<group>";
		};
		AE3E1E4128AF730000E9530A /* LoginCustomView */ = {
			isa = PBXGroup;
			children = (
				AE3E1E4228AF732500E9530A /* Login_TextField.swift */,
				AE3E1E5528AF813000E9530A /* Login_UIButton.swift */,
			);
			path = LoginCustomView;
			sourceTree = "<group>";
		};
		AE3E1E4828AF79E200E9530A /* MainViewController */ = {
			isa = PBXGroup;
			children = (
				AE3E1E5B28B1217000E9530A /* MainCustomView */,
				AE3E1E4928AF79F600E9530A /* MainViewController.swift */,
				AE3E1E4B28AF79FC00E9530A /* MainView.swift */,
			);
			path = MainViewController;
			sourceTree = "<group>";
		};
		AE3E1E4D28AF7A2400E9530A /* LoginViewController */ = {
			isa = PBXGroup;
			children = (
				AE3E1E4128AF730000E9530A /* LoginCustomView */,
				AE3E1E4E28AF7A3700E9530A /* LoginViewController.swift */,
				AE3E1E5028AF7A3F00E9530A /* LoginView.swift */,
			);
			path = LoginViewController;
			sourceTree = "<group>";
		};
		AE3E1E5B28B1217000E9530A /* MainCustomView */ = {
			isa = PBXGroup;
			children = (
				AE3E1E5C28B1218F00E9530A /* Main_UILabel.swift */,
				AE3E1E6028B125DD00E9530A /* Main_UIButton.swift */,
				AE3E1E6228B12B5000E9530A /* Main_UIImageView.swift */,
			);
			path = MainCustomView;
			sourceTree = "<group>";
		};
/* End PBXGroup section */

/* Begin PBXNativeTarget section */
		AE3E1E2828AF728B00E9530A /* NetFlix_CodeBase */ = {
			isa = PBXNativeTarget;
			buildConfigurationList = AE3E1E3D28AF728D00E9530A /* Build configuration list for PBXNativeTarget "NetFlix_CodeBase" */;
			buildPhases = (
				AE3E1E2528AF728B00E9530A /* Sources */,
				AE3E1E2628AF728B00E9530A /* Frameworks */,
				AE3E1E2728AF728B00E9530A /* Resources */,
			);
			buildRules = (
			);
			dependencies = (
			);
			name = NetFlix_CodeBase;
			packageProductDependencies = (
				AE3E1E5328AF7CD200E9530A /* SnapKit */,
				AE3E1E5828AF9A8600E9530A /* Then */,
			);
			productName = NetFlix_CodeBase;
			productReference = AE3E1E2928AF728B00E9530A /* NetFlix_CodeBase.app */;
			productType = "com.apple.product-type.application";
		};
/* End PBXNativeTarget section */

/* Begin PBXProject section */
		AE3E1E2128AF728B00E9530A /* Project object */ = {
			isa = PBXProject;
			attributes = {
				BuildIndependentTargetsInParallel = 1;
				LastSwiftUpdateCheck = 1340;
				LastUpgradeCheck = 1340;
				TargetAttributes = {
					AE3E1E2828AF728B00E9530A = {
						CreatedOnToolsVersion = 13.4.1;
					};
				};
			};
			buildConfigurationList = AE3E1E2428AF728B00E9530A /* Build configuration list for PBXProject "NetFlix_CodeBase" */;
			compatibilityVersion = "Xcode 13.0";
			developmentRegion = en;
			hasScannedForEncodings = 0;
			knownRegions = (
				en,
				Base,
			);
			mainGroup = AE3E1E2028AF728B00E9530A;
			packageReferences = (
				AE3E1E5228AF7CD200E9530A /* XCRemoteSwiftPackageReference "SnapKit" */,
				AE3E1E5728AF9A8600E9530A /* XCRemoteSwiftPackageReference "Then" */,
			);
			productRefGroup = AE3E1E2A28AF728B00E9530A /* Products */;
			projectDirPath = "";
			projectRoot = "";
			targets = (
				AE3E1E2828AF728B00E9530A /* NetFlix_CodeBase */,
			);
		};
/* End PBXProject section */

/* Begin PBXResourcesBuildPhase section */
		AE3E1E2728AF728B00E9530A /* Resources */ = {
			isa = PBXResourcesBuildPhase;
			buildActionMask = 2147483647;
			files = (
				AE3E1E3928AF728D00E9530A /* LaunchScreen.storyboard in Resources */,
				AE3E1E3628AF728D00E9530A /* Assets.xcassets in Resources */,
				AE3E1E3428AF728C00E9530A /* Main.storyboard in Resources */,
			);
			runOnlyForDeploymentPostprocessing = 0;
		};
/* End PBXResourcesBuildPhase section */

/* Begin PBXSourcesBuildPhase section */
		AE3E1E2528AF728B00E9530A /* Sources */ = {
			isa = PBXSourcesBuildPhase;
			buildActionMask = 2147483647;
			files = (
				AE3E1E4F28AF7A3700E9530A /* LoginViewController.swift in Sources */,
				AE3E1E4A28AF79F600E9530A /* MainViewController.swift in Sources */,
				AE3E1E4C28AF79FC00E9530A /* MainView.swift in Sources */,
				AE3E1E3128AF728C00E9530A /* ViewController.swift in Sources */,
				AE3E1E2D28AF728C00E9530A /* AppDelegate.swift in Sources */,
				AE3E1E4528AF77F600E9530A /* BaseView.swift in Sources */,
				AE3E1E2F28AF728C00E9530A /* SceneDelegate.swift in Sources */,
				AE3E1E6328B12B5000E9530A /* Main_UIImageView.swift in Sources */,
				AE3E1E5D28B1218F00E9530A /* Main_UILabel.swift in Sources */,
				AE3E1E4328AF732500E9530A /* Login_TextField.swift in Sources */,
				AE3E1E5628AF813000E9530A /* Login_UIButton.swift in Sources */,
				AE3E1E6128B125DD00E9530A /* Main_UIButton.swift in Sources */,
				AE3E1E5128AF7A3F00E9530A /* LoginView.swift in Sources */,
				AE3E1E4728AF789100E9530A /* BaseViewController.swift in Sources */,
			);
			runOnlyForDeploymentPostprocessing = 0;
		};
/* End PBXSourcesBuildPhase section */

/* Begin PBXVariantGroup section */
		AE3E1E3228AF728C00E9530A /* Main.storyboard */ = {
			isa = PBXVariantGroup;
			children = (
				AE3E1E3328AF728C00E9530A /* Base */,
			);
			name = Main.storyboard;
			sourceTree = "<group>";
		};
		AE3E1E3728AF728D00E9530A /* LaunchScreen.storyboard */ = {
			isa = PBXVariantGroup;
			children = (
				AE3E1E3828AF728D00E9530A /* Base */,
			);
			name = LaunchScreen.storyboard;
			sourceTree = "<group>";
		};
/* End PBXVariantGroup section */

/* Begin XCBuildConfiguration section */
		AE3E1E3B28AF728D00E9530A /* Debug */ = {
			isa = XCBuildConfiguration;
			buildSettings = {
				ALWAYS_SEARCH_USER_PATHS = NO;
				CLANG_ANALYZER_NONNULL = YES;
				CLANG_ANALYZER_NUMBER_OBJECT_CONVERSION = YES_AGGRESSIVE;
				CLANG_CXX_LANGUAGE_STANDARD = "gnu++17";
				CLANG_ENABLE_MODULES = YES;
				CLANG_ENABLE_OBJC_ARC = YES;
				CLANG_ENABLE_OBJC_WEAK = YES;
				CLANG_WARN_BLOCK_CAPTURE_AUTORELEASING = YES;
				CLANG_WARN_BOOL_CONVERSION = YES;
				CLANG_WARN_COMMA = YES;
				CLANG_WARN_CONSTANT_CONVERSION = YES;
				CLANG_WARN_DEPRECATED_OBJC_IMPLEMENTATIONS = YES;
				CLANG_WARN_DIRECT_OBJC_ISA_USAGE = YES_ERROR;
				CLANG_WARN_DOCUMENTATION_COMMENTS = YES;
				CLANG_WARN_EMPTY_BODY = YES;
				CLANG_WARN_ENUM_CONVERSION = YES;
				CLANG_WARN_INFINITE_RECURSION = YES;
				CLANG_WARN_INT_CONVERSION = YES;
				CLANG_WARN_NON_LITERAL_NULL_CONVERSION = YES;
				CLANG_WARN_OBJC_IMPLICIT_RETAIN_SELF = YES;
				CLANG_WARN_OBJC_LITERAL_CONVERSION = YES;
				CLANG_WARN_OBJC_ROOT_CLASS = YES_ERROR;
				CLANG_WARN_QUOTED_INCLUDE_IN_FRAMEWORK_HEADER = YES;
				CLANG_WARN_RANGE_LOOP_ANALYSIS = YES;
				CLANG_WARN_STRICT_PROTOTYPES = YES;
				CLANG_WARN_SUSPICIOUS_MOVE = YES;
				CLANG_WARN_UNGUARDED_AVAILABILITY = YES_AGGRESSIVE;
				CLANG_WARN_UNREACHABLE_CODE = YES;
				CLANG_WARN__DUPLICATE_METHOD_MATCH = YES;
				COPY_PHASE_STRIP = NO;
				DEBUG_INFORMATION_FORMAT = dwarf;
				ENABLE_STRICT_OBJC_MSGSEND = YES;
				ENABLE_TESTABILITY = YES;
				GCC_C_LANGUAGE_STANDARD = gnu11;
				GCC_DYNAMIC_NO_PIC = NO;
				GCC_NO_COMMON_BLOCKS = YES;
				GCC_OPTIMIZATION_LEVEL = 0;
				GCC_PREPROCESSOR_DEFINITIONS = (
					"DEBUG=1",
					"$(inherited)",
				);
				GCC_WARN_64_TO_32_BIT_CONVERSION = YES;
				GCC_WARN_ABOUT_RETURN_TYPE = YES_ERROR;
				GCC_WARN_UNDECLARED_SELECTOR = YES;
				GCC_WARN_UNINITIALIZED_AUTOS = YES_AGGRESSIVE;
				GCC_WARN_UNUSED_FUNCTION = YES;
				GCC_WARN_UNUSED_VARIABLE = YES;
				IPHONEOS_DEPLOYMENT_TARGET = 15.5;
				MTL_ENABLE_DEBUG_INFO = INCLUDE_SOURCE;
				MTL_FAST_MATH = YES;
				ONLY_ACTIVE_ARCH = YES;
				SDKROOT = iphoneos;
				SWIFT_ACTIVE_COMPILATION_CONDITIONS = DEBUG;
				SWIFT_OPTIMIZATION_LEVEL = "-Onone";
			};
			name = Debug;
		};
		AE3E1E3C28AF728D00E9530A /* Release */ = {
			isa = XCBuildConfiguration;
			buildSettings = {
				ALWAYS_SEARCH_USER_PATHS = NO;
				CLANG_ANALYZER_NONNULL = YES;
				CLANG_ANALYZER_NUMBER_OBJECT_CONVERSION = YES_AGGRESSIVE;
				CLANG_CXX_LANGUAGE_STANDARD = "gnu++17";
				CLANG_ENABLE_MODULES = YES;
				CLANG_ENABLE_OBJC_ARC = YES;
				CLANG_ENABLE_OBJC_WEAK = YES;
				CLANG_WARN_BLOCK_CAPTURE_AUTORELEASING = YES;
				CLANG_WARN_BOOL_CONVERSION = YES;
				CLANG_WARN_COMMA = YES;
				CLANG_WARN_CONSTANT_CONVERSION = YES;
				CLANG_WARN_DEPRECATED_OBJC_IMPLEMENTATIONS = YES;
				CLANG_WARN_DIRECT_OBJC_ISA_USAGE = YES_ERROR;
				CLANG_WARN_DOCUMENTATION_COMMENTS = YES;
				CLANG_WARN_EMPTY_BODY = YES;
				CLANG_WARN_ENUM_CONVERSION = YES;
				CLANG_WARN_INFINITE_RECURSION = YES;
				CLANG_WARN_INT_CONVERSION = YES;
				CLANG_WARN_NON_LITERAL_NULL_CONVERSION = YES;
				CLANG_WARN_OBJC_IMPLICIT_RETAIN_SELF = YES;
				CLANG_WARN_OBJC_LITERAL_CONVERSION = YES;
				CLANG_WARN_OBJC_ROOT_CLASS = YES_ERROR;
				CLANG_WARN_QUOTED_INCLUDE_IN_FRAMEWORK_HEADER = YES;
				CLANG_WARN_RANGE_LOOP_ANALYSIS = YES;
				CLANG_WARN_STRICT_PROTOTYPES = YES;
				CLANG_WARN_SUSPICIOUS_MOVE = YES;
				CLANG_WARN_UNGUARDED_AVAILABILITY = YES_AGGRESSIVE;
				CLANG_WARN_UNREACHABLE_CODE = YES;
				CLANG_WARN__DUPLICATE_METHOD_MATCH = YES;
				COPY_PHASE_STRIP = NO;
				DEBUG_INFORMATION_FORMAT = "dwarf-with-dsym";
				ENABLE_NS_ASSERTIONS = NO;
				ENABLE_STRICT_OBJC_MSGSEND = YES;
				GCC_C_LANGUAGE_STANDARD = gnu11;
				GCC_NO_COMMON_BLOCKS = YES;
				GCC_WARN_64_TO_32_BIT_CONVERSION = YES;
				GCC_WARN_ABOUT_RETURN_TYPE = YES_ERROR;
				GCC_WARN_UNDECLARED_SELECTOR = YES;
				GCC_WARN_UNINITIALIZED_AUTOS = YES_AGGRESSIVE;
				GCC_WARN_UNUSED_FUNCTION = YES;
				GCC_WARN_UNUSED_VARIABLE = YES;
				IPHONEOS_DEPLOYMENT_TARGET = 15.5;
				MTL_ENABLE_DEBUG_INFO = NO;
				MTL_FAST_MATH = YES;
				SDKROOT = iphoneos;
				SWIFT_COMPILATION_MODE = wholemodule;
				SWIFT_OPTIMIZATION_LEVEL = "-O";
				VALIDATE_PRODUCT = YES;
			};
			name = Release;
		};
		AE3E1E3E28AF728D00E9530A /* Debug */ = {
			isa = XCBuildConfiguration;
			buildSettings = {
				ASSETCATALOG_COMPILER_APPICON_NAME = AppIcon;
				ASSETCATALOG_COMPILER_GLOBAL_ACCENT_COLOR_NAME = AccentColor;
				CODE_SIGN_STYLE = Automatic;
				CURRENT_PROJECT_VERSION = 1;
				DEVELOPMENT_TEAM = B2VD6SF7B9;
				GENERATE_INFOPLIST_FILE = YES;
				INFOPLIST_FILE = NetFlix_CodeBase/Info.plist;
				INFOPLIST_KEY_UIApplicationSupportsIndirectInputEvents = YES;
				INFOPLIST_KEY_UILaunchStoryboardName = LaunchScreen;
				INFOPLIST_KEY_UIMainStoryboardFile = Main;
				INFOPLIST_KEY_UISupportedInterfaceOrientations_iPad = "UIInterfaceOrientationPortrait UIInterfaceOrientationPortraitUpsideDown UIInterfaceOrientationLandscapeLeft UIInterfaceOrientationLandscapeRight";
				INFOPLIST_KEY_UISupportedInterfaceOrientations_iPhone = "UIInterfaceOrientationPortrait UIInterfaceOrientationLandscapeLeft UIInterfaceOrientationLandscapeRight";
				LD_RUNPATH_SEARCH_PATHS = (
					"$(inherited)",
					"@executable_path/Frameworks",
				);
				MARKETING_VERSION = 1.0;
				PRODUCT_BUNDLE_IDENTIFIER = "yeojin.SeSAC.NetFlix-CodeBase";
				PRODUCT_NAME = "$(TARGET_NAME)";
				SWIFT_EMIT_LOC_STRINGS = YES;
				SWIFT_VERSION = 5.0;
				TARGETED_DEVICE_FAMILY = "1,2";
			};
			name = Debug;
		};
		AE3E1E3F28AF728D00E9530A /* Release */ = {
			isa = XCBuildConfiguration;
			buildSettings = {
				ASSETCATALOG_COMPILER_APPICON_NAME = AppIcon;
				ASSETCATALOG_COMPILER_GLOBAL_ACCENT_COLOR_NAME = AccentColor;
				CODE_SIGN_STYLE = Automatic;
				CURRENT_PROJECT_VERSION = 1;
				DEVELOPMENT_TEAM = B2VD6SF7B9;
				GENERATE_INFOPLIST_FILE = YES;
				INFOPLIST_FILE = NetFlix_CodeBase/Info.plist;
				INFOPLIST_KEY_UIApplicationSupportsIndirectInputEvents = YES;
				INFOPLIST_KEY_UILaunchStoryboardName = LaunchScreen;
				INFOPLIST_KEY_UIMainStoryboardFile = Main;
				INFOPLIST_KEY_UISupportedInterfaceOrientations_iPad = "UIInterfaceOrientationPortrait UIInterfaceOrientationPortraitUpsideDown UIInterfaceOrientationLandscapeLeft UIInterfaceOrientationLandscapeRight";
				INFOPLIST_KEY_UISupportedInterfaceOrientations_iPhone = "UIInterfaceOrientationPortrait UIInterfaceOrientationLandscapeLeft UIInterfaceOrientationLandscapeRight";
				LD_RUNPATH_SEARCH_PATHS = (
					"$(inherited)",
					"@executable_path/Frameworks",
				);
				MARKETING_VERSION = 1.0;
				PRODUCT_BUNDLE_IDENTIFIER = "yeojin.SeSAC.NetFlix-CodeBase";
				PRODUCT_NAME = "$(TARGET_NAME)";
				SWIFT_EMIT_LOC_STRINGS = YES;
				SWIFT_VERSION = 5.0;
				TARGETED_DEVICE_FAMILY = "1,2";
			};
			name = Release;
		};
/* End XCBuildConfiguration section */

/* Begin XCConfigurationList section */
		AE3E1E2428AF728B00E9530A /* Build configuration list for PBXProject "NetFlix_CodeBase" */ = {
			isa = XCConfigurationList;
			buildConfigurations = (
				AE3E1E3B28AF728D00E9530A /* Debug */,
				AE3E1E3C28AF728D00E9530A /* Release */,
			);
			defaultConfigurationIsVisible = 0;
			defaultConfigurationName = Release;
		};
		AE3E1E3D28AF728D00E9530A /* Build configuration list for PBXNativeTarget "NetFlix_CodeBase" */ = {
			isa = XCConfigurationList;
			buildConfigurations = (
				AE3E1E3E28AF728D00E9530A /* Debug */,
				AE3E1E3F28AF728D00E9530A /* Release */,
			);
			defaultConfigurationIsVisible = 0;
			defaultConfigurationName = Release;
		};
/* End XCConfigurationList section */

/* Begin XCRemoteSwiftPackageReference section */
		AE3E1E5228AF7CD200E9530A /* XCRemoteSwiftPackageReference "SnapKit" */ = {
			isa = XCRemoteSwiftPackageReference;
			repositoryURL = "https://github.com/SnapKit/SnapKit";
			requirement = {
				kind = upToNextMajorVersion;
				minimumVersion = 5.0.0;
			};
		};
		AE3E1E5728AF9A8600E9530A /* XCRemoteSwiftPackageReference "Then" */ = {
			isa = XCRemoteSwiftPackageReference;
			repositoryURL = "https://github.com/devxoul/Then.git";
			requirement = {
				kind = upToNextMajorVersion;
				minimumVersion = 3.0.0;
			};
		};
/* End XCRemoteSwiftPackageReference section */

/* Begin XCSwiftPackageProductDependency section */
		AE3E1E5328AF7CD200E9530A /* SnapKit */ = {
			isa = XCSwiftPackageProductDependency;
			package = AE3E1E5228AF7CD200E9530A /* XCRemoteSwiftPackageReference "SnapKit" */;
			productName = SnapKit;
		};
		AE3E1E5828AF9A8600E9530A /* Then */ = {
			isa = XCSwiftPackageProductDependency;
			package = AE3E1E5728AF9A8600E9530A /* XCRemoteSwiftPackageReference "Then" */;
			productName = Then;
		};
/* End XCSwiftPackageProductDependency section */
	};
	rootObject = AE3E1E2128AF728B00E9530A /* Project object */;
}
